
Microsoft Visual Studio Solution File, Format Version 12.00
# Visual Studio Version 17
VisualStudioVersion = 17.4.33122.133
MinimumVisualStudioVersion = 10.0.40219.1
Project("{9A19103F-16F7-4668-BE54-9A1E7A4F7556}") = "J1P2_PRO_TextAdventure", "J1P2_PRO_TextAdventure\J1P2_PRO_TextAdventure.csproj", "{95F94580-32F9-49C1-835C-1FBE6AAAC97E}"
EndProject
Global
	GlobalSection(SolutionConfigurationPlatforms) = preSolution
		Debug|Any CPU = Debug|Any CPU
		Release|Any CPU = Release|Any CPU
	EndGlobalSection
	GlobalSection(ProjectConfigurationPlatforms) = postSolution
		{95F94580-32F9-49C1-835C-1FBE6AAAC97E}.Debug|Any CPU.ActiveCfg = Debug|Any CPU
		{95F94580-32F9-49C1-835C-1FBE6AAAC97E}.Debug|Any CPU.Build.0 = Debug|Any CPU
		{95F94580-32F9-49C1-835C-1FBE6AAAC97E}.Release|Any CPU.ActiveCfg = Release|Any CPU
		{95F94580-32F9-49C1-835C-1FBE6AAAC97E}.Release|Any CPU.Build.0 = Release|Any CPU
	EndGlobalSection
	GlobalSection(SolutionProperties) = preSolution
		HideSolutionNode = FALSE
	EndGlobalSection
	GlobalSection(ExtensibilityGlobals) = postSolution
		SolutionGuid = {70F7621A-E85F-4216-8BBC-1BA1DE90C0EB}
	EndGlobalSection
EndGlobal
